
Microsoft Visual Studio Solution File, Format Version 12.00
# Visual Studio Version 17
VisualStudioVersion = 17.0.31919.166
MinimumVisualStudioVersion = 10.0.40219.1
Project("{FAE04EC0-301F-11D3-BF4B-00C04F79EFBC}") = "ClearBank.CodeTest.Application", "src\ClearBank.CodeTest.Application\ClearBank.CodeTest.Application.csproj", "{1F4846FD-C8D1-4E99-9EE9-88B7D67A9F27}"
EndProject
Project("{FAE04EC0-301F-11D3-BF4B-00C04F79EFBC}") = "ClearBank.CodeTest.Domain", "src\ClearBank.CodeTest.Domain\ClearBank.CodeTest.Domain.csproj", "{0E382787-781D-4565-B9DF-85C727FCC4AC}"
EndProject
Project("{FAE04EC0-301F-11D3-BF4B-00C04F79EFBC}") = "ClearBank.CodeTest.Infrastructure", "src\ClearBank.CodeTest.Infrastructure\ClearBank.CodeTest.Infrastructure.csproj", "{9F75781D-22E5-4A8E-A4B2-9858C3F32EF9}"
EndProject
Project("{2150E333-8FDC-42A3-9474-1A3956D46DE8}") = "src", "src", "{58C11C94-EEB7-4EDE-AAA1-DC13A9C1B560}"
EndProject
Project("{2150E333-8FDC-42A3-9474-1A3956D46DE8}") = "tests", "tests", "{AA12AB49-12BC-4BDC-A896-D5379131A147}"
EndProject
Project("{FAE04EC0-301F-11D3-BF4B-00C04F79EFBC}") = "ClearBank.CodeTest.Application.Tests", "src\ClearBank.CodeTest.Application.Tests\ClearBank.CodeTest.Application.Tests.csproj", "{DEE235A2-CCB6-434A-82E3-1641C13CD65B}"
EndProject
Project("{FAE04EC0-301F-11D3-BF4B-00C04F79EFBC}") = "ClearBank.CodeTest.Infrastructure.Tests", "src\ClearBank.CodeTest.Infrastructure.Tests\ClearBank.CodeTest.Infrastructure.Tests.csproj", "{DFF9E3FF-D8B3-4613-93AF-07076491BA42}"
EndProject
Global
	GlobalSection(SolutionConfigurationPlatforms) = preSolution
		Debug|Any CPU = Debug|Any CPU
		Release|Any CPU = Release|Any CPU
	EndGlobalSection
	GlobalSection(ProjectConfigurationPlatforms) = postSolution
		{1F4846FD-C8D1-4E99-9EE9-88B7D67A9F27}.Debug|Any CPU.ActiveCfg = Debug|Any CPU
		{1F4846FD-C8D1-4E99-9EE9-88B7D67A9F27}.Debug|Any CPU.Build.0 = Debug|Any CPU
		{1F4846FD-C8D1-4E99-9EE9-88B7D67A9F27}.Release|Any CPU.ActiveCfg = Release|Any CPU
		{1F4846FD-C8D1-4E99-9EE9-88B7D67A9F27}.Release|Any CPU.Build.0 = Release|Any CPU
		{0E382787-781D-4565-B9DF-85C727FCC4AC}.Debug|Any CPU.ActiveCfg = Debug|Any CPU
		{0E382787-781D-4565-B9DF-85C727FCC4AC}.Debug|Any CPU.Build.0 = Debug|Any CPU
		{0E382787-781D-4565-B9DF-85C727FCC4AC}.Release|Any CPU.ActiveCfg = Release|Any CPU
		{0E382787-781D-4565-B9DF-85C727FCC4AC}.Release|Any CPU.Build.0 = Release|Any CPU
		{9F75781D-22E5-4A8E-A4B2-9858C3F32EF9}.Debug|Any CPU.ActiveCfg = Debug|Any CPU
		{9F75781D-22E5-4A8E-A4B2-9858C3F32EF9}.Debug|Any CPU.Build.0 = Debug|Any CPU
		{9F75781D-22E5-4A8E-A4B2-9858C3F32EF9}.Release|Any CPU.ActiveCfg = Release|Any CPU
		{9F75781D-22E5-4A8E-A4B2-9858C3F32EF9}.Release|Any CPU.Build.0 = Release|Any CPU
		{DEE235A2-CCB6-434A-82E3-1641C13CD65B}.Debug|Any CPU.ActiveCfg = Debug|Any CPU
		{DEE235A2-CCB6-434A-82E3-1641C13CD65B}.Debug|Any CPU.Build.0 = Debug|Any CPU
		{DEE235A2-CCB6-434A-82E3-1641C13CD65B}.Release|Any CPU.ActiveCfg = Release|Any CPU
		{DEE235A2-CCB6-434A-82E3-1641C13CD65B}.Release|Any CPU.Build.0 = Release|Any CPU
		{DFF9E3FF-D8B3-4613-93AF-07076491BA42}.Debug|Any CPU.ActiveCfg = Debug|Any CPU
		{DFF9E3FF-D8B3-4613-93AF-07076491BA42}.Debug|Any CPU.Build.0 = Debug|Any CPU
		{DFF9E3FF-D8B3-4613-93AF-07076491BA42}.Release|Any CPU.ActiveCfg = Release|Any CPU
		{DFF9E3FF-D8B3-4613-93AF-07076491BA42}.Release|Any CPU.Build.0 = Release|Any CPU
	EndGlobalSection
	GlobalSection(SolutionProperties) = preSolution
		HideSolutionNode = FALSE
	EndGlobalSection
	GlobalSection(NestedProjects) = preSolution
		{1F4846FD-C8D1-4E99-9EE9-88B7D67A9F27} = {58C11C94-EEB7-4EDE-AAA1-DC13A9C1B560}
		{0E382787-781D-4565-B9DF-85C727FCC4AC} = {58C11C94-EEB7-4EDE-AAA1-DC13A9C1B560}
		{9F75781D-22E5-4A8E-A4B2-9858C3F32EF9} = {58C11C94-EEB7-4EDE-AAA1-DC13A9C1B560}
		{DEE235A2-CCB6-434A-82E3-1641C13CD65B} = {AA12AB49-12BC-4BDC-A896-D5379131A147}
		{DFF9E3FF-D8B3-4613-93AF-07076491BA42} = {AA12AB49-12BC-4BDC-A896-D5379131A147}
	EndGlobalSection
	GlobalSection(ExtensibilityGlobals) = postSolution
		SolutionGuid = {24489748-6C81-42CA-BB62-4A56E3915B1C}
	EndGlobalSection
EndGlobal
